
Microsoft Visual Studio Solution File, Format Version 12.00
# Visual Studio Version 17
VisualStudioVersion = 17.9.34622.214
MinimumVisualStudioVersion = 10.0.40219.1
Project("{FAE04EC0-301F-11D3-BF4B-00C04F79EFBC}") = "FlightsApp", "FlightsApp\FlightsApp.csproj", "{13EA5DE2-65B9-44B1-82C2-727FFD2558F0}"
EndProject
Global
	GlobalSection(SolutionConfigurationPlatforms) = preSolution
		Debug|Any CPU = Debug|Any CPU
		Release|Any CPU = Release|Any CPU
	EndGlobalSection
	GlobalSection(ProjectConfigurationPlatforms) = postSolution
		{13EA5DE2-65B9-44B1-82C2-727FFD2558F0}.Debug|Any CPU.ActiveCfg = Debug|Any CPU
		{13EA5DE2-65B9-44B1-82C2-727FFD2558F0}.Debug|Any CPU.Build.0 = Debug|Any CPU
		{13EA5DE2-65B9-44B1-82C2-727FFD2558F0}.Release|Any CPU.ActiveCfg = Release|Any CPU
		{13EA5DE2-65B9-44B1-82C2-727FFD2558F0}.Release|Any CPU.Build.0 = Release|Any CPU
	EndGlobalSection
	GlobalSection(SolutionProperties) = preSolution
		HideSolutionNode = FALSE
	EndGlobalSection
	GlobalSection(ExtensibilityGlobals) = postSolution
		SolutionGuid = {8591CF58-D8B2-420A-A7F4-9947DC9278EA}
	EndGlobalSection
EndGlobal
